
Microsoft Visual Studio Solution File, Format Version 12.00
# Visual Studio 2015
Project("{FAE04EC0-301F-11D3-BF4B-00C04F79EFBC}") = "Save your Date Unity.CSharp.Plugins", "Save your Date Unity.CSharp.Plugins.csproj", "{2FD78FC7-AD33-2E64-4D70-63498AC211E7}"
EndProject
Project("{FAE04EC0-301F-11D3-BF4B-00C04F79EFBC}") = "Save your Date Unity.CSharp", "Save your Date Unity.CSharp.csproj", "{88A60B6C-12BB-E4FE-6976-CF7AE46F35D2}"
EndProject
Project("{FAE04EC0-301F-11D3-BF4B-00C04F79EFBC}") = "Save your Date Unity.CSharp.Editor.Plugins", "Save your Date Unity.CSharp.Editor.Plugins.csproj", "{1F15665C-35C9-A825-F706-ECFD8FB0692A}"
EndProject
Project("{FAE04EC0-301F-11D3-BF4B-00C04F79EFBC}") = "Save your Date Unity.CSharp.Editor", "Save your Date Unity.CSharp.Editor.csproj", "{331B88FA-7FEA-5F06-437E-7D3D871E643E}"
EndProject
Global
	GlobalSection(SolutionConfigurationPlatforms) = preSolution
		Debug|Any CPU = Debug|Any CPU
		Release|Any CPU = Release|Any CPU
	EndGlobalSection
	GlobalSection(ProjectConfigurationPlatforms) = postSolution
		{2FD78FC7-AD33-2E64-4D70-63498AC211E7}.Debug|Any CPU.ActiveCfg = Debug|Any CPU
		{2FD78FC7-AD33-2E64-4D70-63498AC211E7}.Debug|Any CPU.Build.0 = Debug|Any CPU
		{2FD78FC7-AD33-2E64-4D70-63498AC211E7}.Release|Any CPU.ActiveCfg = Release|Any CPU
		{2FD78FC7-AD33-2E64-4D70-63498AC211E7}.Release|Any CPU.Build.0 = Release|Any CPU
		{88A60B6C-12BB-E4FE-6976-CF7AE46F35D2}.Debug|Any CPU.ActiveCfg = Debug|Any CPU
		{88A60B6C-12BB-E4FE-6976-CF7AE46F35D2}.Debug|Any CPU.Build.0 = Debug|Any CPU
		{88A60B6C-12BB-E4FE-6976-CF7AE46F35D2}.Release|Any CPU.ActiveCfg = Release|Any CPU
		{88A60B6C-12BB-E4FE-6976-CF7AE46F35D2}.Release|Any CPU.Build.0 = Release|Any CPU
		{1F15665C-35C9-A825-F706-ECFD8FB0692A}.Debug|Any CPU.ActiveCfg = Debug|Any CPU
		{1F15665C-35C9-A825-F706-ECFD8FB0692A}.Debug|Any CPU.Build.0 = Debug|Any CPU
		{1F15665C-35C9-A825-F706-ECFD8FB0692A}.Release|Any CPU.ActiveCfg = Release|Any CPU
		{1F15665C-35C9-A825-F706-ECFD8FB0692A}.Release|Any CPU.Build.0 = Release|Any CPU
		{331B88FA-7FEA-5F06-437E-7D3D871E643E}.Debug|Any CPU.ActiveCfg = Debug|Any CPU
		{331B88FA-7FEA-5F06-437E-7D3D871E643E}.Debug|Any CPU.Build.0 = Debug|Any CPU
		{331B88FA-7FEA-5F06-437E-7D3D871E643E}.Release|Any CPU.ActiveCfg = Release|Any CPU
		{331B88FA-7FEA-5F06-437E-7D3D871E643E}.Release|Any CPU.Build.0 = Release|Any CPU
	EndGlobalSection
	GlobalSection(SolutionProperties) = preSolution
		HideSolutionNode = FALSE
	EndGlobalSection
EndGlobal
